
Microsoft Visual Studio Solution File, Format Version 12.00
# Visual Studio Version 16
VisualStudioVersion = 16.0.30413.136
MinimumVisualStudioVersion = 10.0.40219.1
Project("{FAE04EC0-301F-11D3-BF4B-00C04F79EFBC}") = "ARD.Entity", "ARD.Entity\ARD.Entity.csproj", "{DDF68A69-9704-4500-9566-356F1628F18A}"
EndProject
Project("{FAE04EC0-301F-11D3-BF4B-00C04F79EFBC}") = "ARD.DataAccess", "ARD.DataAccess\ARD.DataAccess.csproj", "{4E75C444-E4CC-46E1-BB32-44145F79A533}"
EndProject
Project("{FAE04EC0-301F-11D3-BF4B-00C04F79EFBC}") = "ARD.Business", "ARD.Business\ARD.Business.csproj", "{19D742BE-BBA1-497B-8E7B-35F24ABBCF8C}"
EndProject
Global
	GlobalSection(SolutionConfigurationPlatforms) = preSolution
		Debug|Any CPU = Debug|Any CPU
		Release|Any CPU = Release|Any CPU
	EndGlobalSection
	GlobalSection(ProjectConfigurationPlatforms) = postSolution
		{DDF68A69-9704-4500-9566-356F1628F18A}.Debug|Any CPU.ActiveCfg = Debug|Any CPU
		{DDF68A69-9704-4500-9566-356F1628F18A}.Debug|Any CPU.Build.0 = Debug|Any CPU
		{DDF68A69-9704-4500-9566-356F1628F18A}.Release|Any CPU.ActiveCfg = Release|Any CPU
		{DDF68A69-9704-4500-9566-356F1628F18A}.Release|Any CPU.Build.0 = Release|Any CPU
		{4E75C444-E4CC-46E1-BB32-44145F79A533}.Debug|Any CPU.ActiveCfg = Debug|Any CPU
		{4E75C444-E4CC-46E1-BB32-44145F79A533}.Debug|Any CPU.Build.0 = Debug|Any CPU
		{4E75C444-E4CC-46E1-BB32-44145F79A533}.Release|Any CPU.ActiveCfg = Release|Any CPU
		{4E75C444-E4CC-46E1-BB32-44145F79A533}.Release|Any CPU.Build.0 = Release|Any CPU
		{19D742BE-BBA1-497B-8E7B-35F24ABBCF8C}.Debug|Any CPU.ActiveCfg = Debug|Any CPU
		{19D742BE-BBA1-497B-8E7B-35F24ABBCF8C}.Debug|Any CPU.Build.0 = Debug|Any CPU
		{19D742BE-BBA1-497B-8E7B-35F24ABBCF8C}.Release|Any CPU.ActiveCfg = Release|Any CPU
		{19D742BE-BBA1-497B-8E7B-35F24ABBCF8C}.Release|Any CPU.Build.0 = Release|Any CPU
	EndGlobalSection
	GlobalSection(SolutionProperties) = preSolution
		HideSolutionNode = FALSE
	EndGlobalSection
	GlobalSection(ExtensibilityGlobals) = postSolution
		SolutionGuid = {7353C8F8-72B0-4492-99E0-C2E2139BA395}
	EndGlobalSection
EndGlobal
